
Microsoft Visual Studio Solution File, Format Version 12.00
# Visual Studio 14
VisualStudioVersion = 14.0.23107.0
MinimumVisualStudioVersion = 10.0.40219.1
Project("{D2ABAB84-BF74-430A-B69E-9DC6D40DDA17}") = "NYSE_CUBES_IT16014350", "NYSE_CUBES_IT16014350\NYSE_CUBES_IT16014350.dwproj", "{E099CEAE-6E77-4951-8C1D-3409ED0F1C14}"
EndProject
Global
	GlobalSection(SolutionConfigurationPlatforms) = preSolution
		Development|Default = Development|Default
	EndGlobalSection
	GlobalSection(ProjectConfigurationPlatforms) = postSolution
		{E099CEAE-6E77-4951-8C1D-3409ED0F1C14}.Development|Default.ActiveCfg = Development
		{E099CEAE-6E77-4951-8C1D-3409ED0F1C14}.Development|Default.Build.0 = Development
		{E099CEAE-6E77-4951-8C1D-3409ED0F1C14}.Development|Default.Deploy.0 = Development
	EndGlobalSection
	GlobalSection(SolutionProperties) = preSolution
		HideSolutionNode = FALSE
	EndGlobalSection
EndGlobal
